
Microsoft Visual Studio Solution File, Format Version 12.00
# Visual Studio Version 17
VisualStudioVersion = 17.14.37012.4 d17.14
MinimumVisualStudioVersion = 10.0.40219.1
Project("{FAE04EC0-301F-11D3-BF4B-00C04F79EFBC}") = "RangoAgil.API", "RangoAgil.API\RangoAgil.API.csproj", "{8D88B0D2-6724-4CA3-9899-444CCE930D70}"
EndProject
Global
	GlobalSection(SolutionConfigurationPlatforms) = preSolution
		Debug|Any CPU = Debug|Any CPU
		Release|Any CPU = Release|Any CPU
	EndGlobalSection
	GlobalSection(ProjectConfigurationPlatforms) = postSolution
		{8D88B0D2-6724-4CA3-9899-444CCE930D70}.Debug|Any CPU.ActiveCfg = Debug|Any CPU
		{8D88B0D2-6724-4CA3-9899-444CCE930D70}.Debug|Any CPU.Build.0 = Debug|Any CPU
		{8D88B0D2-6724-4CA3-9899-444CCE930D70}.Release|Any CPU.ActiveCfg = Release|Any CPU
		{8D88B0D2-6724-4CA3-9899-444CCE930D70}.Release|Any CPU.Build.0 = Release|Any CPU
	EndGlobalSection
	GlobalSection(SolutionProperties) = preSolution
		HideSolutionNode = FALSE
	EndGlobalSection
	GlobalSection(ExtensibilityGlobals) = postSolution
		SolutionGuid = {51A285F6-C067-4E77-8A9C-C4B740105EF1}
	EndGlobalSection
EndGlobal
